// !$*UTF8*$!
{
	archiveVersion = 1;
	classes = {
	};
	objectVersion = 51;
	objects = {

/* Begin PBXBuildFile section */
		4199127A2633035F00B3AE6D /* map.html in Resources */ = {isa = PBXBuildFile; fileRef = 419912792633035F00B3AE6D /* map.html */; };
		41A2D49D2632A8E5000A5C8A /* AirPollutionHelper.swift in Sources */ = {isa = PBXBuildFile; fileRef = 41A2D49C2632A8E5000A5C8A /* AirPollutionHelper.swift */; };
		41B6420726334AB1003D6186 /* BMHANNAProOTF.otf in Resources */ = {isa = PBXBuildFile; fileRef = 41B6420626334A98003D6186 /* BMHANNAProOTF.otf */; };
		7F123B874C921F2C7D82C427 /* Pods_airpollution.framework in Frameworks */ = {isa = PBXBuildFile; fileRef = 05E2145DACC7680442C34157 /* Pods_airpollution.framework */; };
		8988F1FD26312C43003C724B /* MapViewController.swift in Sources */ = {isa = PBXBuildFile; fileRef = 8988F1FC26312C43003C724B /* MapViewController.swift */; };
		8988F20126312D9F003C724B /* FavoriteViewController.swift in Sources */ = {isa = PBXBuildFile; fileRef = 8988F20026312D9F003C724B /* FavoriteViewController.swift */; };
		89FD1D15262FBBFC00DF5E80 /* AppDelegate.swift in Sources */ = {isa = PBXBuildFile; fileRef = 89FD1D14262FBBFC00DF5E80 /* AppDelegate.swift */; };
		89FD1D17262FBBFC00DF5E80 /* SceneDelegate.swift in Sources */ = {isa = PBXBuildFile; fileRef = 89FD1D16262FBBFC00DF5E80 /* SceneDelegate.swift */; };
		89FD1D19262FBBFC00DF5E80 /* ViewController.swift in Sources */ = {isa = PBXBuildFile; fileRef = 89FD1D18262FBBFC00DF5E80 /* ViewController.swift */; };
		89FD1D1C262FBBFC00DF5E80 /* Main.storyboard in Resources */ = {isa = PBXBuildFile; fileRef = 89FD1D1A262FBBFC00DF5E80 /* Main.storyboard */; };
		89FD1D1E262FBC0100DF5E80 /* Assets.xcassets in Resources */ = {isa = PBXBuildFile; fileRef = 89FD1D1D262FBC0100DF5E80 /* Assets.xcassets */; };
		89FD1D21262FBC0100DF5E80 /* LaunchScreen.storyboard in Resources */ = {isa = PBXBuildFile; fileRef = 89FD1D1F262FBC0100DF5E80 /* LaunchScreen.storyboard */; };
/* End PBXBuildFile section */

/* Begin PBXFileReference section */
		05E2145DACC7680442C34157 /* Pods_airpollution.framework */ = {isa = PBXFileReference; explicitFileType = wrapper.framework; includeInIndex = 0; path = Pods_airpollution.framework; sourceTree = BUILT_PRODUCTS_DIR; };
		419912792633035F00B3AE6D /* map.html */ = {isa = PBXFileReference; fileEncoding = 4; lastKnownFileType = text.html; path = map.html; sourceTree = "<group>"; };
		41A2D49C2632A8E5000A5C8A /* AirPollutionHelper.swift */ = {isa = PBXFileReference; lastKnownFileType = sourcecode.swift; path = AirPollutionHelper.swift; sourceTree = "<group>"; };
		41B6420626334A98003D6186 /* BMHANNAProOTF.otf */ = {isa = PBXFileReference; lastKnownFileType = file; path = BMHANNAProOTF.otf; sourceTree = "<group>"; };
		8988F1FC26312C43003C724B /* MapViewController.swift */ = {isa = PBXFileReference; lastKnownFileType = sourcecode.swift; path = MapViewController.swift; sourceTree = "<group>"; };
		8988F20026312D9F003C724B /* FavoriteViewController.swift */ = {isa = PBXFileReference; lastKnownFileType = sourcecode.swift; path = FavoriteViewController.swift; sourceTree = "<group>"; };
		89FD1D11262FBBFC00DF5E80 /* airpollution.app */ = {isa = PBXFileReference; explicitFileType = wrapper.application; includeInIndex = 0; path = airpollution.app; sourceTree = BUILT_PRODUCTS_DIR; };
		89FD1D14262FBBFC00DF5E80 /* AppDelegate.swift */ = {isa = PBXFileReference; lastKnownFileType = sourcecode.swift; path = AppDelegate.swift; sourceTree = "<group>"; };
		89FD1D16262FBBFC00DF5E80 /* SceneDelegate.swift */ = {isa = PBXFileReference; lastKnownFileType = sourcecode.swift; path = SceneDelegate.swift; sourceTree = "<group>"; };
		89FD1D18262FBBFC00DF5E80 /* ViewController.swift */ = {isa = PBXFileReference; lastKnownFileType = sourcecode.swift; path = ViewController.swift; sourceTree = "<group>"; };
		89FD1D1B262FBBFC00DF5E80 /* Base */ = {isa = PBXFileReference; lastKnownFileType = file.storyboard; name = Base; path = Base.lproj/Main.storyboard; sourceTree = "<group>"; };
		89FD1D1D262FBC0100DF5E80 /* Assets.xcassets */ = {isa = PBXFileReference; lastKnownFileType = folder.assetcatalog; path = Assets.xcassets; sourceTree = "<group>"; };
		89FD1D20262FBC0100DF5E80 /* Base */ = {isa = PBXFileReference; lastKnownFileType = file.storyboard; name = Base; path = Base.lproj/LaunchScreen.storyboard; sourceTree = "<group>"; };
		89FD1D22262FBC0100DF5E80 /* Info.plist */ = {isa = PBXFileReference; lastKnownFileType = text.plist.xml; path = Info.plist; sourceTree = "<group>"; };
		91F0674890E2848E76DA5E50 /* Pods-airpollution.release.xcconfig */ = {isa = PBXFileReference; includeInIndex = 1; lastKnownFileType = text.xcconfig; name = "Pods-airpollution.release.xcconfig"; path = "Target Support Files/Pods-airpollution/Pods-airpollution.release.xcconfig"; sourceTree = "<group>"; };
		A0AF650F9235E32F6BDD16E1 /* Pods-airpollution.debug.xcconfig */ = {isa = PBXFileReference; includeInIndex = 1; lastKnownFileType = text.xcconfig; name = "Pods-airpollution.debug.xcconfig"; path = "Target Support Files/Pods-airpollution/Pods-airpollution.debug.xcconfig"; sourceTree = "<group>"; };
/* End PBXFileReference section */

/* Begin PBXFrameworksBuildPhase section */
		89FD1D0E262FBBFC00DF5E80 /* Frameworks */ = {
			isa = PBXFrameworksBuildPhase;
			buildActionMask = 2147483647;
			files = (
				7F123B874C921F2C7D82C427 /* Pods_airpollution.framework in Frameworks */,
			);
			runOnlyForDeploymentPostprocessing = 0;
		};
/* End PBXFrameworksBuildPhase section */

/* Begin PBXGroup section */
		133AC88C62E13C39CA98E993 /* Pods */ = {
			isa = PBXGroup;
			children = (
				A0AF650F9235E32F6BDD16E1 /* Pods-airpollution.debug.xcconfig */,
				91F0674890E2848E76DA5E50 /* Pods-airpollution.release.xcconfig */,
			);
			path = Pods;
			sourceTree = "<group>";
		};
		41A2D4982632A6AC000A5C8A /* Util */ = {
			isa = PBXGroup;
			children = (
				41A2D49C2632A8E5000A5C8A /* AirPollutionHelper.swift */,
			);
			path = Util;
			sourceTree = "<group>";
		};
		41B64204263349D0003D6186 /* font */ = {
			isa = PBXGroup;
			children = (
				41B6420626334A98003D6186 /* BMHANNAProOTF.otf */,
			);
			path = font;
			sourceTree = "<group>";
		};
		89FD1D08262FBBFC00DF5E80 = {
			isa = PBXGroup;
			children = (
				89FD1D13262FBBFC00DF5E80 /* airpollution */,
				89FD1D12262FBBFC00DF5E80 /* Products */,
				133AC88C62E13C39CA98E993 /* Pods */,
				C6B39EC4789E2D7FAC8E7DBB /* Frameworks */,
			);
			sourceTree = "<group>";
		};
		89FD1D12262FBBFC00DF5E80 /* Products */ = {
			isa = PBXGroup;
			children = (
				89FD1D11262FBBFC00DF5E80 /* airpollution.app */,
			);
			name = Products;
			sourceTree = "<group>";
		};
		89FD1D13262FBBFC00DF5E80 /* airpollution */ = {
			isa = PBXGroup;
			children = (
				41B64204263349D0003D6186 /* font */,
				419912792633035F00B3AE6D /* map.html */,
				41A2D4982632A6AC000A5C8A /* Util */,
				89FD1D2926301D5F00DF5E80 /* Controller */,
				89FD1D14262FBBFC00DF5E80 /* AppDelegate.swift */,
				89FD1D16262FBBFC00DF5E80 /* SceneDelegate.swift */,
				89FD1D1A262FBBFC00DF5E80 /* Main.storyboard */,
				89FD1D1D262FBC0100DF5E80 /* Assets.xcassets */,
				89FD1D1F262FBC0100DF5E80 /* LaunchScreen.storyboard */,
				89FD1D22262FBC0100DF5E80 /* Info.plist */,
			);
			path = airpollution;
			sourceTree = "<group>";
		};
		89FD1D2926301D5F00DF5E80 /* Controller */ = {
			isa = PBXGroup;
			children = (
				89FD1D18262FBBFC00DF5E80 /* ViewController.swift */,
				8988F1FC26312C43003C724B /* MapViewController.swift */,
				8988F20026312D9F003C724B /* FavoriteViewController.swift */,
			);
			path = Controller;
			sourceTree = "<group>";
		};
		C6B39EC4789E2D7FAC8E7DBB /* Frameworks */ = {
			isa = PBXGroup;
			children = (
				05E2145DACC7680442C34157 /* Pods_airpollution.framework */,
			);
			name = Frameworks;
			sourceTree = "<group>";
		};
/* End PBXGroup section */

/* Begin PBXNativeTarget section */
		89FD1D10262FBBFC00DF5E80 /* airpollution */ = {
			isa = PBXNativeTarget;
			buildConfigurationList = 89FD1D25262FBC0100DF5E80 /* Build configuration list for PBXNativeTarget "airpollution" */;
			buildPhases = (
				01F46D7D841B94197CC428F4 /* [CP] Check Pods Manifest.lock */,
				89FD1D0D262FBBFC00DF5E80 /* Sources */,
				89FD1D0E262FBBFC00DF5E80 /* Frameworks */,
				89FD1D0F262FBBFC00DF5E80 /* Resources */,
				0682B360F2629C5D5AAAC04F /* [CP] Embed Pods Frameworks */,
			);
			buildRules = (
			);
			dependencies = (
			);
			name = airpollution;
			productName = airpollution;
			productReference = 89FD1D11262FBBFC00DF5E80 /* airpollution.app */;
			productType = "com.apple.product-type.application";
		};
/* End PBXNativeTarget section */

/* Begin PBXProject section */
		89FD1D09262FBBFC00DF5E80 /* Project object */ = {
			isa = PBXProject;
			attributes = {
				LastSwiftUpdateCheck = 1240;
				LastUpgradeCheck = 1240;
				TargetAttributes = {
					89FD1D10262FBBFC00DF5E80 = {
						CreatedOnToolsVersion = 12.4;
					};
				};
			};
			buildConfigurationList = 89FD1D0C262FBBFC00DF5E80 /* Build configuration list for PBXProject "airpollution" */;
			compatibilityVersion = "Xcode 9.3";
			developmentRegion = en;
			hasScannedForEncodings = 0;
			knownRegions = (
				en,
				Base,
			);
			mainGroup = 89FD1D08262FBBFC00DF5E80;
			productRefGroup = 89FD1D12262FBBFC00DF5E80 /* Products */;
			projectDirPath = "";
			projectRoot = "";
			targets = (
				89FD1D10262FBBFC00DF5E80 /* airpollution */,
			);
		};
/* End PBXProject section */

/* Begin PBXResourcesBuildPhase section */
		89FD1D0F262FBBFC00DF5E80 /* Resources */ = {
			isa = PBXResourcesBuildPhase;
			buildActionMask = 2147483647;
			files = (
				41B6420726334AB1003D6186 /* BMHANNAProOTF.otf in Resources */,
				89FD1D21262FBC0100DF5E80 /* LaunchScreen.storyboard in Resources */,
				4199127A2633035F00B3AE6D /* map.html in Resources */,
				89FD1D1E262FBC0100DF5E80 /* Assets.xcassets in Resources */,
				89FD1D1C262FBBFC00DF5E80 /* Main.storyboard in Resources */,
			);
			runOnlyForDeploymentPostprocessing = 0;
		};
/* End PBXResourcesBuildPhase section */

/* Begin PBXShellScriptBuildPhase section */
		01F46D7D841B94197CC428F4 /* [CP] Check Pods Manifest.lock */ = {
			isa = PBXShellScriptBuildPhase;
			buildActionMask = 2147483647;
			files = (
			);
			inputFileListPaths = (
			);
			inputPaths = (
				"${PODS_PODFILE_DIR_PATH}/Podfile.lock",
				"${PODS_ROOT}/Manifest.lock",
			);
			name = "[CP] Check Pods Manifest.lock";
			outputFileListPaths = (
			);
			outputPaths = (
				"$(DERIVED_FILE_DIR)/Pods-airpollution-checkManifestLockResult.txt",
			);
			runOnlyForDeploymentPostprocessing = 0;
			shellPath = /bin/sh;
			shellScript = "diff \"${PODS_PODFILE_DIR_PATH}/Podfile.lock\" \"${PODS_ROOT}/Manifest.lock\" > /dev/null\nif [ $? != 0 ] ; then\n    # print error to STDERR\n    echo \"error: The sandbox is not in sync with the Podfile.lock. Run 'pod install' or update your CocoaPods installation.\" >&2\n    exit 1\nfi\n# This output is used by Xcode 'outputs' to avoid re-running this script phase.\necho \"SUCCESS\" > \"${SCRIPT_OUTPUT_FILE_0}\"\n";
			showEnvVarsInLog = 0;
		};
		0682B360F2629C5D5AAAC04F /* [CP] Embed Pods Frameworks */ = {
			isa = PBXShellScriptBuildPhase;
			buildActionMask = 2147483647;
			files = (
			);
			inputFileListPaths = (
				"${PODS_ROOT}/Target Support Files/Pods-airpollution/Pods-airpollution-frameworks-${CONFIGURATION}-input-files.xcfilelist",
			);
			name = "[CP] Embed Pods Frameworks";
			outputFileListPaths = (
				"${PODS_ROOT}/Target Support Files/Pods-airpollution/Pods-airpollution-frameworks-${CONFIGURATION}-output-files.xcfilelist",
			);
			runOnlyForDeploymentPostprocessing = 0;
			shellPath = /bin/sh;
			shellScript = "\"${PODS_ROOT}/Target Support Files/Pods-airpollution/Pods-airpollution-frameworks.sh\"\n";
			showEnvVarsInLog = 0;
		};
/* End PBXShellScriptBuildPhase section */

/* Begin PBXSourcesBuildPhase section */
		89FD1D0D262FBBFC00DF5E80 /* Sources */ = {
			isa = PBXSourcesBuildPhase;
			buildActionMask = 2147483647;
			files = (
				8988F20126312D9F003C724B /* FavoriteViewController.swift in Sources */,
				89FD1D19262FBBFC00DF5E80 /* ViewController.swift in Sources */,
				41A2D49D2632A8E5000A5C8A /* AirPollutionHelper.swift in Sources */,
				89FD1D15262FBBFC00DF5E80 /* AppDelegate.swift in Sources */,
				89FD1D17262FBBFC00DF5E80 /* SceneDelegate.swift in Sources */,
				8988F1FD26312C43003C724B /* MapViewController.swift in Sources */,
			);
			runOnlyForDeploymentPostprocessing = 0;
		};
/* End PBXSourcesBuildPhase section */

/* Begin PBXVariantGroup section */
		89FD1D1A262FBBFC00DF5E80 /* Main.storyboard */ = {
			isa = PBXVariantGroup;
			children = (
				89FD1D1B262FBBFC00DF5E80 /* Base */,
			);
			name = Main.storyboard;
			sourceTree = "<group>";
		};
		89FD1D1F262FBC0100DF5E80 /* LaunchScreen.storyboard */ = {
			isa = PBXVariantGroup;
			children = (
				89FD1D20262FBC0100DF5E80 /* Base */,
			);
			name = LaunchScreen.storyboard;
			sourceTree = "<group>";
		};
/* End PBXVariantGroup section */

/* Begin XCBuildConfiguration section */
		89FD1D23262FBC0100DF5E80 /* Debug */ = {
			isa = XCBuildConfiguration;
			buildSettings = {
				ALWAYS_SEARCH_USER_PATHS = NO;
				CLANG_ANALYZER_NONNULL = YES;
				CLANG_ANALYZER_NUMBER_OBJECT_CONVERSION = YES_AGGRESSIVE;
				CLANG_CXX_LANGUAGE_STANDARD = "gnu++14";
				CLANG_CXX_LIBRARY = "libc++";
				CLANG_ENABLE_MODULES = YES;
				CLANG_ENABLE_OBJC_ARC = YES;
				CLANG_ENABLE_OBJC_WEAK = YES;
				CLANG_WARN_BLOCK_CAPTURE_AUTORELEASING = YES;
				CLANG_WARN_BOOL_CONVERSION = YES;
				CLANG_WARN_COMMA = YES;
				CLANG_WARN_CONSTANT_CONVERSION = YES;
				CLANG_WARN_DEPRECATED_OBJC_IMPLEMENTATIONS = YES;
				CLANG_WARN_DIRECT_OBJC_ISA_USAGE = YES_ERROR;
				CLANG_WARN_DOCUMENTATION_COMMENTS = YES;
				CLANG_WARN_EMPTY_BODY = YES;
				CLANG_WARN_ENUM_CONVERSION = YES;
				CLANG_WARN_INFINITE_RECURSION = YES;
				CLANG_WARN_INT_CONVERSION = YES;
				CLANG_WARN_NON_LITERAL_NULL_CONVERSION = YES;
				CLANG_WARN_OBJC_IMPLICIT_RETAIN_SELF = YES;
				CLANG_WARN_OBJC_LITERAL_CONVERSION = YES;
				CLANG_WARN_OBJC_ROOT_CLASS = YES_ERROR;
				CLANG_WARN_QUOTED_INCLUDE_IN_FRAMEWORK_HEADER = YES;
				CLANG_WARN_RANGE_LOOP_ANALYSIS = YES;
				CLANG_WARN_STRICT_PROTOTYPES = YES;
				CLANG_WARN_SUSPICIOUS_MOVE = YES;
				CLANG_WARN_UNGUARDED_AVAILABILITY = YES_AGGRESSIVE;
				CLANG_WARN_UNREACHABLE_CODE = YES;
				CLANG_WARN__DUPLICATE_METHOD_MATCH = YES;
				COPY_PHASE_STRIP = NO;
				DEBUG_INFORMATION_FORMAT = dwarf;
				ENABLE_STRICT_OBJC_MSGSEND = YES;
				ENABLE_TESTABILITY = YES;
				GCC_C_LANGUAGE_STANDARD = gnu11;
				GCC_DYNAMIC_NO_PIC = NO;
				GCC_NO_COMMON_BLOCKS = YES;
				GCC_OPTIMIZATION_LEVEL = 0;
				GCC_PREPROCESSOR_DEFINITIONS = (
					"DEBUG=1",
					"$(inherited)",
				);
				GCC_WARN_64_TO_32_BIT_CONVERSION = YES;
				GCC_WARN_ABOUT_RETURN_TYPE = YES_ERROR;
				GCC_WARN_UNDECLARED_SELECTOR = YES;
				GCC_WARN_UNINITIALIZED_AUTOS = YES_AGGRESSIVE;
				GCC_WARN_UNUSED_FUNCTION = YES;
				GCC_WARN_UNUSED_VARIABLE = YES;
				IPHONEOS_DEPLOYMENT_TARGET = 14.4;
				MTL_ENABLE_DEBUG_INFO = INCLUDE_SOURCE;
				MTL_FAST_MATH = YES;
				ONLY_ACTIVE_ARCH = YES;
				SDKROOT = iphoneos;
				SWIFT_ACTIVE_COMPILATION_CONDITIONS = DEBUG;
				SWIFT_OPTIMIZATION_LEVEL = "-Onone";
			};
			name = Debug;
		};
		89FD1D24262FBC0100DF5E80 /* Release */ = {
			isa = XCBuildConfiguration;
			buildSettings = {
				ALWAYS_SEARCH_USER_PATHS = NO;
				CLANG_ANALYZER_NONNULL = YES;
				CLANG_ANALYZER_NUMBER_OBJECT_CONVERSION = YES_AGGRESSIVE;
				CLANG_CXX_LANGUAGE_STANDARD = "gnu++14";
				CLANG_CXX_LIBRARY = "libc++";
				CLANG_ENABLE_MODULES = YES;
				CLANG_ENABLE_OBJC_ARC = YES;
				CLANG_ENABLE_OBJC_WEAK = YES;
				CLANG_WARN_BLOCK_CAPTURE_AUTORELEASING = YES;
				CLANG_WARN_BOOL_CONVERSION = YES;
				CLANG_WARN_COMMA = YES;
				CLANG_WARN_CONSTANT_CONVERSION = YES;
				CLANG_WARN_DEPRECATED_OBJC_IMPLEMENTATIONS = YES;
				CLANG_WARN_DIRECT_OBJC_ISA_USAGE = YES_ERROR;
				CLANG_WARN_DOCUMENTATION_COMMENTS = YES;
				CLANG_WARN_EMPTY_BODY = YES;
				CLANG_WARN_ENUM_CONVERSION = YES;
				CLANG_WARN_INFINITE_RECURSION = YES;
				CLANG_WARN_INT_CONVERSION = YES;
				CLANG_WARN_NON_LITERAL_NULL_CONVERSION = YES;
				CLANG_WARN_OBJC_IMPLICIT_RETAIN_SELF = YES;
				CLANG_WARN_OBJC_LITERAL_CONVERSION = YES;
				CLANG_WARN_OBJC_ROOT_CLASS = YES_ERROR;
				CLANG_WARN_QUOTED_INCLUDE_IN_FRAMEWORK_HEADER = YES;
				CLANG_WARN_RANGE_LOOP_ANALYSIS = YES;
				CLANG_WARN_STRICT_PROTOTYPES = YES;
				CLANG_WARN_SUSPICIOUS_MOVE = YES;
				CLANG_WARN_UNGUARDED_AVAILABILITY = YES_AGGRESSIVE;
				CLANG_WARN_UNREACHABLE_CODE = YES;
				CLANG_WARN__DUPLICATE_METHOD_MATCH = YES;
				COPY_PHASE_STRIP = NO;
				DEBUG_INFORMATION_FORMAT = "dwarf-with-dsym";
				ENABLE_NS_ASSERTIONS = NO;
				ENABLE_STRICT_OBJC_MSGSEND = YES;
				GCC_C_LANGUAGE_STANDARD = gnu11;
				GCC_NO_COMMON_BLOCKS = YES;
				GCC_WARN_64_TO_32_BIT_CONVERSION = YES;
				GCC_WARN_ABOUT_RETURN_TYPE = YES_ERROR;
				GCC_WARN_UNDECLARED_SELECTOR = YES;
				GCC_WARN_UNINITIALIZED_AUTOS = YES_AGGRESSIVE;
				GCC_WARN_UNUSED_FUNCTION = YES;
				GCC_WARN_UNUSED_VARIABLE = YES;
				IPHONEOS_DEPLOYMENT_TARGET = 14.4;
				MTL_ENABLE_DEBUG_INFO = NO;
				MTL_FAST_MATH = YES;
				SDKROOT = iphoneos;
				SWIFT_COMPILATION_MODE = wholemodule;
				SWIFT_OPTIMIZATION_LEVEL = "-O";
				VALIDATE_PRODUCT = YES;
			};
			name = Release;
		};
		89FD1D26262FBC0100DF5E80 /* Debug */ = {
			isa = XCBuildConfiguration;
			baseConfigurationReference = A0AF650F9235E32F6BDD16E1 /* Pods-airpollution.debug.xcconfig */;
			buildSettings = {
				ASSETCATALOG_COMPILER_APPICON_NAME = AppIcon;
				ASSETCATALOG_COMPILER_GLOBAL_ACCENT_COLOR_NAME = AccentColor;
				CODE_SIGN_STYLE = Automatic;
				INFOPLIST_FILE = airpollution/Info.plist;
				LD_RUNPATH_SEARCH_PATHS = (
					"$(inherited)",
					"@executable_path/Frameworks",
				);
				PRODUCT_BUNDLE_IDENTIFIER = io.ideatags.sq.airpollution;
				PRODUCT_NAME = "$(TARGET_NAME)";
				SWIFT_VERSION = 5.0;
				TARGETED_DEVICE_FAMILY = "1,2";
			};
			name = Debug;
		};
		89FD1D27262FBC0100DF5E80 /* Release */ = {
			isa = XCBuildConfiguration;
			baseConfigurationReference = 91F0674890E2848E76DA5E50 /* Pods-airpollution.release.xcconfig */;
			buildSettings = {
				ASSETCATALOG_COMPILER_APPICON_NAME = AppIcon;
				ASSETCATALOG_COMPILER_GLOBAL_ACCENT_COLOR_NAME = AccentColor;
				CODE_SIGN_STYLE = Automatic;
				INFOPLIST_FILE = airpollution/Info.plist;
				LD_RUNPATH_SEARCH_PATHS = (
					"$(inherited)",
					"@executable_path/Frameworks",
				);
				PRODUCT_BUNDLE_IDENTIFIER = io.ideatags.sq.airpollution;
				PRODUCT_NAME = "$(TARGET_NAME)";
				SWIFT_VERSION = 5.0;
				TARGETED_DEVICE_FAMILY = "1,2";
			};
			name = Release;
		};
/* End XCBuildConfiguration section */

/* Begin XCConfigurationList section */
		89FD1D0C262FBBFC00DF5E80 /* Build configuration list for PBXProject "airpollution" */ = {
			isa = XCConfigurationList;
			buildConfigurations = (
				89FD1D23262FBC0100DF5E80 /* Debug */,
				89FD1D24262FBC0100DF5E80 /* Release */,
			);
			defaultConfigurationIsVisible = 0;
			defaultConfigurationName = Release;
		};
		89FD1D25262FBC0100DF5E80 /* Build configuration list for PBXNativeTarget "airpollution" */ = {
			isa = XCConfigurationList;
			buildConfigurations = (
				89FD1D26262FBC0100DF5E80 /* Debug */,
				89FD1D27262FBC0100DF5E80 /* Release */,
			);
			defaultConfigurationIsVisible = 0;
			defaultConfigurationName = Release;
		};
/* End XCConfigurationList section */
	};
	rootObject = 89FD1D09262FBBFC00DF5E80 /* Project object */;
}
